
Microsoft Visual Studio Solution File, Format Version 12.00
# Visual Studio Version 17
VisualStudioVersion = 17.14.36623.8
MinimumVisualStudioVersion = 10.0.40219.1
Project("{FAE04EC0-301F-11D3-BF4B-00C04F79EFBC}") = "sistemaBanco", "sistemaBanco.csproj", "{5E9404F8-2C35-4143-AD7A-C1C75F9DCE58}"
EndProject
Project("{FAE04EC0-301F-11D3-BF4B-00C04F79EFBC}") = "myLibreria2025", "myLibreria2025\myLibreria2025.csproj", "{F460141F-41E7-47B0-9E5C-ED3F0DA6CF8F}"
EndProject
Global
	GlobalSection(SolutionConfigurationPlatforms) = preSolution
		Debug|Any CPU = Debug|Any CPU
		Release|Any CPU = Release|Any CPU
	EndGlobalSection
	GlobalSection(ProjectConfigurationPlatforms) = postSolution
		{5E9404F8-2C35-4143-AD7A-C1C75F9DCE58}.Debug|Any CPU.ActiveCfg = Debug|Any CPU
		{5E9404F8-2C35-4143-AD7A-C1C75F9DCE58}.Debug|Any CPU.Build.0 = Debug|Any CPU
		{5E9404F8-2C35-4143-AD7A-C1C75F9DCE58}.Release|Any CPU.ActiveCfg = Release|Any CPU
		{5E9404F8-2C35-4143-AD7A-C1C75F9DCE58}.Release|Any CPU.Build.0 = Release|Any CPU
		{F460141F-41E7-47B0-9E5C-ED3F0DA6CF8F}.Debug|Any CPU.ActiveCfg = Debug|Any CPU
		{F460141F-41E7-47B0-9E5C-ED3F0DA6CF8F}.Debug|Any CPU.Build.0 = Debug|Any CPU
		{F460141F-41E7-47B0-9E5C-ED3F0DA6CF8F}.Release|Any CPU.ActiveCfg = Release|Any CPU
		{F460141F-41E7-47B0-9E5C-ED3F0DA6CF8F}.Release|Any CPU.Build.0 = Release|Any CPU
	EndGlobalSection
	GlobalSection(SolutionProperties) = preSolution
		HideSolutionNode = FALSE
	EndGlobalSection
	GlobalSection(ExtensibilityGlobals) = postSolution
		SolutionGuid = {858B39A7-EBB7-4101-95FE-1868B3BE250E}
	EndGlobalSection
EndGlobal
